<?xml version="1.0" encoding="utf-8"?>
<Project ToolsVersion="4.0" xmlns="http://schemas.microsoft.com/developer/msbuild/2003">
  <ItemGroup>
    <Filter Include="Source Files">
      <UniqueIdentifier>{4FC737F1-C7A5-4376-A066-2A32D752A2FF}</UniqueIdentifier>
      <Extensions>cpp;c;cc;cxx;def;odl;idl;hpj;bat;asm;asmx</Extensions>
    </Filter>
    <Filter Include="Testcases">
      <UniqueIdentifier>{55b0860b-b675-4716-a31a-3e98a0cd6f69}</UniqueIdentifier>
    </Filter>
    <Filter Include="Testcases\ConfigParser">
      <UniqueIdentifier>{88201f44-a195-4775-9d73-e605bfba9bb1}</UniqueIdentifier>
    </Filter>
  </ItemGroup>
  <ItemGroup>
    <ClCompile Include="main.cpp">
      <Filter>Source Files</Filter>
    </ClCompile>
  </ItemGroup>
  <ItemGroup>
    <ClInclude Include="parser_test.h">
      <Filter>Testcases\ConfigParser</Filter>
    </ClInclude>
    <ClInclude Include="parser_test2.h">
      <Filter>Testcases\ConfigParser</Filter>
    </ClInclude>
  </ItemGroup>
  <ItemGroup>
    <None Include="sample_config.txt">
      <Filter>Testcases\ConfigParser</Filter>
    </None>
  </ItemGroup>
</Project>