
Microsoft Visual Studio Solution File, Format Version 11.00
# Visual Studio 2010
Project("{8BC9CEB8-8B4A-11D0-8D11-00A0C91BC942}") = "ProtoEngine", "ProtoEngine\ProtoEngine.vcxproj", "{ABC6994E-0756-427F-B543-263486B137AF}"
EndProject
Project("{8BC9CEB8-8B4A-11D0-8D11-00A0C91BC942}") = "SandBox", "SandBox\SandBox.vcxproj", "{296D7579-A495-4171-AA03-B61CD471F9F1}"
EndProject
Global
	GlobalSection(SolutionConfigurationPlatforms) = preSolution
		Debug|Win32 = Debug|Win32
		Release|Win32 = Release|Win32
	EndGlobalSection
	GlobalSection(ProjectConfigurationPlatforms) = postSolution
		{ABC6994E-0756-427F-B543-263486B137AF}.Debug|Win32.ActiveCfg = Debug|Win32
		{ABC6994E-0756-427F-B543-263486B137AF}.Debug|Win32.Build.0 = Debug|Win32
		{ABC6994E-0756-427F-B543-263486B137AF}.Release|Win32.ActiveCfg = Release|Win32
		{ABC6994E-0756-427F-B543-263486B137AF}.Release|Win32.Build.0 = Release|Win32
		{296D7579-A495-4171-AA03-B61CD471F9F1}.Debug|Win32.ActiveCfg = Debug|Win32
		{296D7579-A495-4171-AA03-B61CD471F9F1}.Debug|Win32.Build.0 = Debug|Win32
		{296D7579-A495-4171-AA03-B61CD471F9F1}.Release|Win32.ActiveCfg = Release|Win32
		{296D7579-A495-4171-AA03-B61CD471F9F1}.Release|Win32.Build.0 = Release|Win32
	EndGlobalSection
	GlobalSection(SolutionProperties) = preSolution
		HideSolutionNode = FALSE
	EndGlobalSection
EndGlobal
