<?xml version="1.0" encoding="utf-8"?>
<Project ToolsVersion="4.0" xmlns="http://schemas.microsoft.com/developer/msbuild/2003">
  <ItemGroup>
    <Filter Include="Source Files">
      <UniqueIdentifier>{4FC737F1-C7A5-4376-A066-2A32D752A2FF}</UniqueIdentifier>
      <Extensions>cpp;c;cc;cxx;def;odl;idl;hpj;bat;asm;asmx</Extensions>
    </Filter>
    <Filter Include="Scene">
      <UniqueIdentifier>{abdc6b91-7966-4cd6-88bc-d1f229477ffc}</UniqueIdentifier>
    </Filter>
    <Filter Include="Renderer">
      <UniqueIdentifier>{5f7bc80e-d1a7-4924-b59e-c977e7c43b7f}</UniqueIdentifier>
    </Filter>
    <Filter Include="Misc">
      <UniqueIdentifier>{100804d7-78c7-4e77-916e-36b522540ecf}</UniqueIdentifier>
    </Filter>
  </ItemGroup>
  <ItemGroup>
    <ClCompile Include="main.cpp">
      <Filter>Source Files</Filter>
    </ClCompile>
    <ClCompile Include="RenderCore.cpp">
      <Filter>Renderer</Filter>
    </ClCompile>
    <ClCompile Include="RenderInterface.cpp">
      <Filter>Renderer</Filter>
    </ClCompile>
    <ClCompile Include="RenderTarget.cpp">
      <Filter>Renderer</Filter>
    </ClCompile>
    <ClCompile Include="RTWindow.cpp">
      <Filter>Source Files</Filter>
    </ClCompile>
    <ClCompile Include="RenderWindow.cpp">
      <Filter>Source Files</Filter>
    </ClCompile>
  </ItemGroup>
  <ItemGroup>
    <None Include="reference_manifest.txt">
      <Filter>Source Files</Filter>
    </None>
  </ItemGroup>
  <ItemGroup>
    <ClInclude Include="RenderTarget.h">
      <Filter>Renderer</Filter>
    </ClInclude>
    <ClInclude Include="RenderCore.h">
      <Filter>Renderer</Filter>
    </ClInclude>
    <ClInclude Include="RenderInterface.h">
      <Filter>Renderer</Filter>
    </ClInclude>
    <ClInclude Include="RenderWindow.h">
      <Filter>Renderer</Filter>
    </ClInclude>
    <ClInclude Include="reference.h">
      <Filter>Misc</Filter>
    </ClInclude>
    <ClInclude Include="D3DUtilities.h">
      <Filter>Misc</Filter>
    </ClInclude>
    <ClInclude Include="RenderConfig.h">
      <Filter>Renderer</Filter>
    </ClInclude>
    <ClInclude Include="RTWindow.h">
      <Filter>Renderer</Filter>
    </ClInclude>
    <ClInclude Include="ForwardDecls.h">
      <Filter>Renderer</Filter>
    </ClInclude>
  </ItemGroup>
</Project>