<?xml version="1.0" encoding="utf-8"?>
<Project ToolsVersion="4.0" xmlns="http://schemas.microsoft.com/developer/msbuild/2003">
  <ItemGroup>
    <Filter Include="Misc">
      <UniqueIdentifier>{100804d7-78c7-4e77-916e-36b522540ecf}</UniqueIdentifier>
    </Filter>
    <Filter Include="Game">
      <UniqueIdentifier>{9f66041c-73f2-48a8-a86c-0eeef2015825}</UniqueIdentifier>
    </Filter>
    <Filter Include="Launcher">
      <UniqueIdentifier>{4FC737F1-C7A5-4376-A066-2A32D752A2FF}</UniqueIdentifier>
      <Extensions>cpp;c;cc;cxx;def;odl;idl;hpj;bat;asm;asmx</Extensions>
    </Filter>
    <Filter Include="Scene">
      <UniqueIdentifier>{abdc6b91-7966-4cd6-88bc-d1f229477ffc}</UniqueIdentifier>
    </Filter>
    <Filter Include="ReadMe">
      <UniqueIdentifier>{b755bab3-d01f-4e86-b4f2-6ba951c01558}</UniqueIdentifier>
    </Filter>
    <Filter Include="deprecated">
      <UniqueIdentifier>{7406c223-84ab-4c4b-9f47-4c00e9321222}</UniqueIdentifier>
    </Filter>
    <Filter Include="GameResource">
      <UniqueIdentifier>{858e9d32-7ee7-4fd7-9456-14363e117580}</UniqueIdentifier>
    </Filter>
    <Filter Include="GameResource\Config">
      <UniqueIdentifier>{36487251-9d9f-441e-bd3a-a09e3ec42c33}</UniqueIdentifier>
    </Filter>
    <Filter Include="GameResource\Shader">
      <UniqueIdentifier>{b2adde42-9df2-4910-9012-9175c69f02e5}</UniqueIdentifier>
    </Filter>
    <Filter Include="TEST_HOOK">
      <UniqueIdentifier>{748c9082-bbc2-4c25-949d-87fda3124059}</UniqueIdentifier>
    </Filter>
    <Filter Include="Renderer">
      <UniqueIdentifier>{5f7bc80e-d1a7-4924-b59e-c977e7c43b7f}</UniqueIdentifier>
    </Filter>
    <Filter Include="Renderer\Graphics">
      <UniqueIdentifier>{7a27042a-93f5-48bd-a2e2-e90ae528ee2c}</UniqueIdentifier>
    </Filter>
    <Filter Include="Renderer\Material">
      <UniqueIdentifier>{4f207249-5ad4-498f-a3ea-cff11691aaa4}</UniqueIdentifier>
    </Filter>
    <Filter Include="Renderer\xxxMgr">
      <UniqueIdentifier>{a4209531-c68f-45bb-95a9-1b55ef353cc8}</UniqueIdentifier>
    </Filter>
  </ItemGroup>
  <ItemGroup>
    <ClCompile Include="RenderCore.cpp">
      <Filter>Renderer</Filter>
    </ClCompile>
    <ClCompile Include="RenderInterface.cpp">
      <Filter>Renderer</Filter>
    </ClCompile>
    <ClCompile Include="RenderWindow.cpp">
      <Filter>Renderer</Filter>
    </ClCompile>
    <ClCompile Include="Game.cpp">
      <Filter>Game</Filter>
    </ClCompile>
    <ClCompile Include="WinLauncher.h">
      <Filter>Launcher</Filter>
    </ClCompile>
    <ClCompile Include="main.cpp">
      <Filter>Launcher</Filter>
    </ClCompile>
    <ClCompile Include="Ticker.cpp">
      <Filter>Game</Filter>
    </ClCompile>
    <ClCompile Include="RenderTarget.cpp">
      <Filter>Renderer\Graphics</Filter>
    </ClCompile>
    <ClCompile Include="Material.cpp">
      <Filter>Renderer\Material</Filter>
    </ClCompile>
    <ClCompile Include="Singleton.cpp">
      <Filter>Renderer\xxxMgr</Filter>
    </ClCompile>
    <ClCompile Include="ConfigMgr.cpp">
      <Filter>Renderer\xxxMgr</Filter>
    </ClCompile>
    <ClCompile Include="Profiler.cpp">
      <Filter>Renderer\xxxMgr</Filter>
    </ClCompile>
    <ClCompile Include="GameResourcePath.cpp">
      <Filter>GameResource</Filter>
    </ClCompile>
    <ClCompile Include="OSInterface.cpp">
      <Filter>Misc</Filter>
    </ClCompile>
    <ClCompile Include="Shader.cpp">
      <Filter>Renderer\Material</Filter>
    </ClCompile>
    <ClCompile Include="MaterialAttribute.cpp">
      <Filter>Renderer\Material</Filter>
    </ClCompile>
    <ClCompile Include="Entity.cpp">
      <Filter>Scene</Filter>
    </ClCompile>
    <ClCompile Include="ShaderEnum.cpp">
      <Filter>Renderer\Material</Filter>
    </ClCompile>
    <ClCompile Include="TestHook.cpp">
      <Filter>TEST_HOOK</Filter>
    </ClCompile>
    <ClCompile Include="EffectMgr.cpp">
      <Filter>Renderer\Material</Filter>
    </ClCompile>
    <ClCompile Include="Scene.cpp">
      <Filter>Scene</Filter>
    </ClCompile>
    <ClCompile Include="ProtoMath.cpp">
      <Filter>Misc</Filter>
    </ClCompile>
    <ClCompile Include="Camera.cpp">
      <Filter>Scene</Filter>
    </ClCompile>
    <ClCompile Include="GraphicBuffer.cpp">
      <Filter>Renderer\Graphics</Filter>
    </ClCompile>
    <ClCompile Include="Mesh.cpp">
      <Filter>Renderer\Graphics</Filter>
    </ClCompile>
    <ClCompile Include="DebugPrimitiveGenerator.cpp">
      <Filter>Renderer\Graphics</Filter>
    </ClCompile>
    <ClCompile Include="MeshLoader.cpp">
      <Filter>Renderer\Graphics</Filter>
    </ClCompile>
    <ClCompile Include="TextureMgr.cpp">
      <Filter>Renderer\Graphics</Filter>
    </ClCompile>
  </ItemGroup>
  <ItemGroup>
    <ClInclude Include="RenderCore.h">
      <Filter>Renderer</Filter>
    </ClInclude>
    <ClInclude Include="RenderInterface.h">
      <Filter>Renderer</Filter>
    </ClInclude>
    <ClInclude Include="RenderWindow.h">
      <Filter>Renderer</Filter>
    </ClInclude>
    <ClInclude Include="reference.h">
      <Filter>Misc</Filter>
    </ClInclude>
    <ClInclude Include="D3DUtilities.h">
      <Filter>Misc</Filter>
    </ClInclude>
    <ClInclude Include="typedefs.h">
      <Filter>Misc</Filter>
    </ClInclude>
    <ClInclude Include="Game.h">
      <Filter>Game</Filter>
    </ClInclude>
    <ClInclude Include="Launcher.h">
      <Filter>Launcher</Filter>
    </ClInclude>
    <ClInclude Include="Ticker.h">
      <Filter>Game</Filter>
    </ClInclude>
    <ClInclude Include="ForwardDecls.h">
      <Filter>Misc</Filter>
    </ClInclude>
    <ClInclude Include="Scene.h">
      <Filter>Scene</Filter>
    </ClInclude>
    <ClInclude Include="RenderStateMgr.h">
      <Filter>Renderer\xxxMgr</Filter>
    </ClInclude>
    <ClInclude Include="Config.h">
      <Filter>deprecated</Filter>
    </ClInclude>
    <ClInclude Include="RenderTarget.h">
      <Filter>Renderer\Graphics</Filter>
    </ClInclude>
    <ClInclude Include="Material.h">
      <Filter>Renderer\Material</Filter>
    </ClInclude>
    <ClInclude Include="Entity.h">
      <Filter>Scene</Filter>
    </ClInclude>
    <ClInclude Include="Singleton.h">
      <Filter>Renderer\xxxMgr</Filter>
    </ClInclude>
    <ClInclude Include="ConfigMgr.h">
      <Filter>Renderer\xxxMgr</Filter>
    </ClInclude>
    <ClInclude Include="Profiler.h">
      <Filter>Renderer\xxxMgr</Filter>
    </ClInclude>
    <ClInclude Include="GameResourcePath.h">
      <Filter>GameResource</Filter>
    </ClInclude>
    <ClInclude Include="OSInterface.h">
      <Filter>Misc</Filter>
    </ClInclude>
    <ClInclude Include="Shader.h">
      <Filter>Renderer\Material</Filter>
    </ClInclude>
    <ClInclude Include="MaterialAttribute.h">
      <Filter>Renderer\Material</Filter>
    </ClInclude>
    <ClInclude Include="ShaderEnum.h">
      <Filter>Renderer\Material</Filter>
    </ClInclude>
    <ClInclude Include="TestHook.h">
      <Filter>TEST_HOOK</Filter>
    </ClInclude>
    <ClInclude Include="EffectMgr.h">
      <Filter>Renderer\Material</Filter>
    </ClInclude>
    <ClInclude Include="ProtoMath.h">
      <Filter>Misc</Filter>
    </ClInclude>
    <ClInclude Include="Camera.h">
      <Filter>Scene</Filter>
    </ClInclude>
    <ClInclude Include="GraphicBuffer.h">
      <Filter>Renderer\Graphics</Filter>
    </ClInclude>
    <ClInclude Include="AttributeReference.h">
      <Filter>Renderer\Material</Filter>
    </ClInclude>
    <ClInclude Include="ShaderDataReference.h">
      <Filter>Renderer\Material</Filter>
    </ClInclude>
    <ClInclude Include="Mesh.h">
      <Filter>Renderer\Graphics</Filter>
    </ClInclude>
    <ClInclude Include="DebugPrimitiveGenerator.h">
      <Filter>Renderer\Graphics</Filter>
    </ClInclude>
    <ClInclude Include="MeshLoader.h">
      <Filter>Renderer\Graphics</Filter>
    </ClInclude>
    <ClInclude Include="TextureMgr.h">
      <Filter>Renderer\Graphics</Filter>
    </ClInclude>
  </ItemGroup>
  <ItemGroup>
    <None Include="dependency_manifest.txt">
      <Filter>ReadMe</Filter>
    </None>
    <None Include="Design.txt">
      <Filter>ReadMe</Filter>
    </None>
    <None Include="GameResource\Config\config.txt">
      <Filter>GameResource\Config</Filter>
    </None>
    <None Include="GameResource\Shader\LightHelper.fx">
      <Filter>GameResource\Shader</Filter>
    </None>
  </ItemGroup>
  <ItemGroup>
    <CustomBuild Include="GameResource\Shader\base.fx">
      <Filter>GameResource\Shader</Filter>
    </CustomBuild>
    <CustomBuild Include="GameResource\Shader\sky.fx">
      <Filter>GameResource\Shader</Filter>
    </CustomBuild>
    <CustomBuild Include="GameResource\Shader\basic.fx">
      <Filter>GameResource\Shader</Filter>
    </CustomBuild>
  </ItemGroup>
</Project>