<?xml version="1.0" encoding="utf-8"?>
<Project ToolsVersion="4.0" xmlns="http://schemas.microsoft.com/developer/msbuild/2003">
  <ItemGroup>
    <Filter Include="Misc">
      <UniqueIdentifier>{100804d7-78c7-4e77-916e-36b522540ecf}</UniqueIdentifier>
    </Filter>
    <Filter Include="Game">
      <UniqueIdentifier>{9f66041c-73f2-48a8-a86c-0eeef2015825}</UniqueIdentifier>
    </Filter>
    <Filter Include="RenderCore">
      <UniqueIdentifier>{5f7bc80e-d1a7-4924-b59e-c977e7c43b7f}</UniqueIdentifier>
    </Filter>
    <Filter Include="Launcher">
      <UniqueIdentifier>{4FC737F1-C7A5-4376-A066-2A32D752A2FF}</UniqueIdentifier>
      <Extensions>cpp;c;cc;cxx;def;odl;idl;hpj;bat;asm;asmx</Extensions>
    </Filter>
    <Filter Include="Scene">
      <UniqueIdentifier>{abdc6b91-7966-4cd6-88bc-d1f229477ffc}</UniqueIdentifier>
    </Filter>
    <Filter Include="RenderCore\Shader">
      <UniqueIdentifier>{f236e55c-0e32-4c9e-bc88-c708a1d5fe02}</UniqueIdentifier>
    </Filter>
    <Filter Include="ReadMe">
      <UniqueIdentifier>{b755bab3-d01f-4e86-b4f2-6ba951c01558}</UniqueIdentifier>
    </Filter>
    <Filter Include="RenderCore\Graphics">
      <UniqueIdentifier>{7a27042a-93f5-48bd-a2e2-e90ae528ee2c}</UniqueIdentifier>
    </Filter>
    <Filter Include="RenderCore\Resource">
      <UniqueIdentifier>{a4209531-c68f-45bb-95a9-1b55ef353cc8}</UniqueIdentifier>
    </Filter>
  </ItemGroup>
  <ItemGroup>
    <ClCompile Include="RenderCore.cpp">
      <Filter>RenderCore</Filter>
    </ClCompile>
    <ClCompile Include="RenderInterface.cpp">
      <Filter>RenderCore</Filter>
    </ClCompile>
    <ClCompile Include="RenderTarget.cpp">
      <Filter>RenderCore</Filter>
    </ClCompile>
    <ClCompile Include="Profiler.cpp">
      <Filter>Misc</Filter>
    </ClCompile>
    <ClCompile Include="RTWindow.cpp">
      <Filter>RenderCore</Filter>
    </ClCompile>
    <ClCompile Include="RenderWindow.cpp">
      <Filter>RenderCore</Filter>
    </ClCompile>
    <ClCompile Include="SingletonInitDestory.cpp">
      <Filter>Misc</Filter>
    </ClCompile>
    <ClCompile Include="Game.cpp">
      <Filter>Game</Filter>
    </ClCompile>
    <ClCompile Include="WinLauncher.h">
      <Filter>Launcher</Filter>
    </ClCompile>
    <ClCompile Include="main.cpp">
      <Filter>Launcher</Filter>
    </ClCompile>
    <ClCompile Include="Ticker.cpp">
      <Filter>Game</Filter>
    </ClCompile>
    <ClCompile Include="VertexBuffer.cpp">
      <Filter>RenderCore\Graphics</Filter>
    </ClCompile>
    <ClCompile Include="DepthBuffer.cpp">
      <Filter>RenderCore\Graphics</Filter>
    </ClCompile>
    <ClCompile Include="IndexBuffer.cpp">
      <Filter>RenderCore\Graphics</Filter>
    </ClCompile>
    <ClCompile Include="ResourceMgr.cpp">
      <Filter>RenderCore\Resource</Filter>
    </ClCompile>
    <ClCompile Include="Resource.cpp">
      <Filter>RenderCore\Resource</Filter>
    </ClCompile>
    <ClCompile Include="OperatingSystemInterface.cpp">
      <Filter>Misc</Filter>
    </ClCompile>
  </ItemGroup>
  <ItemGroup>
    <ClInclude Include="RenderTarget.h">
      <Filter>RenderCore</Filter>
    </ClInclude>
    <ClInclude Include="RenderCore.h">
      <Filter>RenderCore</Filter>
    </ClInclude>
    <ClInclude Include="RenderInterface.h">
      <Filter>RenderCore</Filter>
    </ClInclude>
    <ClInclude Include="RenderWindow.h">
      <Filter>RenderCore</Filter>
    </ClInclude>
    <ClInclude Include="reference.h">
      <Filter>Misc</Filter>
    </ClInclude>
    <ClInclude Include="D3DUtilities.h">
      <Filter>Misc</Filter>
    </ClInclude>
    <ClInclude Include="RenderConfig.h">
      <Filter>RenderCore</Filter>
    </ClInclude>
    <ClInclude Include="RTWindow.h">
      <Filter>RenderCore</Filter>
    </ClInclude>
    <ClInclude Include="Profiler.h">
      <Filter>Misc</Filter>
    </ClInclude>
    <ClInclude Include="typedefs.h">
      <Filter>Misc</Filter>
    </ClInclude>
    <ClInclude Include="Singleton.h">
      <Filter>Misc</Filter>
    </ClInclude>
    <ClInclude Include="Game.h">
      <Filter>Game</Filter>
    </ClInclude>
    <ClInclude Include="Launcher.h">
      <Filter>Launcher</Filter>
    </ClInclude>
    <ClInclude Include="Ticker.h">
      <Filter>Game</Filter>
    </ClInclude>
    <ClInclude Include="ForwardDecls.h">
      <Filter>Misc</Filter>
    </ClInclude>
    <ClInclude Include="Mesh.h">
      <Filter>RenderCore\Graphics</Filter>
    </ClInclude>
    <ClInclude Include="Scene.h">
      <Filter>Scene</Filter>
    </ClInclude>
    <ClInclude Include="SceneNode.h">
      <Filter>Scene</Filter>
    </ClInclude>
    <ClInclude Include="VertexBuffer.h">
      <Filter>RenderCore\Graphics</Filter>
    </ClInclude>
    <ClInclude Include="DepthBuffer.h">
      <Filter>RenderCore\Graphics</Filter>
    </ClInclude>
    <ClInclude Include="IndexBuffer.h">
      <Filter>RenderCore\Graphics</Filter>
    </ClInclude>
    <ClInclude Include="VertexDeclaration.h">
      <Filter>RenderCore\Graphics</Filter>
    </ClInclude>
    <ClInclude Include="ResourceMgr.h">
      <Filter>RenderCore\Resource</Filter>
    </ClInclude>
    <ClInclude Include="RenderStateMgr.h">
      <Filter>RenderCore\Resource</Filter>
    </ClInclude>
    <ClInclude Include="Config.h">
      <Filter>RenderCore\Resource</Filter>
    </ClInclude>
    <ClInclude Include="Resource.h">
      <Filter>RenderCore\Resource</Filter>
    </ClInclude>
    <ClInclude Include="VirtualFileSystem.h">
      <Filter>RenderCore\Resource</Filter>
    </ClInclude>
    <ClInclude Include="OperatingSystemInterface.h">
      <Filter>Misc</Filter>
    </ClInclude>
  </ItemGroup>
  <ItemGroup>
    <None Include="dependency_manifest.txt">
      <Filter>ReadMe</Filter>
    </None>
    <None Include="Design.txt">
      <Filter>ReadMe</Filter>
    </None>
    <None Include="Shader\base.fx">
      <Filter>RenderCore\Shader</Filter>
    </None>
  </ItemGroup>
</Project>